# Traefik dynamic config for Letterlock (LAUNCH_PLAN §2c).
# Deployed to /root/traefik-dynamic/letterlock.yml by deploy/deploy.sh; Traefik
# watches that dir and hot-reloads. Entry-point level http->https redirect already
# exists on the box, so only "websecure" routers are declared. Certs come from the
# shared "mytlschallenge" TLS-ALPN resolver: the DNS A record must point at this
# VPS with the Cloudflare proxy OFF (grey cloud) before the first cert is issued.
#
# PM2 processes on the host (127.0.0.1 only), reached via host.docker.internal:
#   prod: api 3100, web 5190      dev: api 3101, web 5191
# Websocket upgrades (Socket.IO on the api hosts) work with no extra config.

http:
  routers:
    letterlock-api-prod:
      rule: "Host(`api.letterlock.raltech.dev`)"
      entryPoints: [websecure]
      service: letterlock-api-prod
      tls:
        certResolver: mytlschallenge

    letterlock-web-prod:
      rule: "Host(`letterlock.raltech.dev`)"
      entryPoints: [websecure]
      service: letterlock-web-prod
      tls:
        certResolver: mytlschallenge

    # Apple / Google deep-link files must be served as application/json.
    letterlock-wellknown-prod:
      rule: "Host(`letterlock.raltech.dev`) && PathPrefix(`/.well-known/`)"
      entryPoints: [websecure]
      service: letterlock-web-prod
      middlewares: [letterlock-json]
      priority: 100
      tls:
        certResolver: mytlschallenge

    letterlock-api-dev:
      rule: "Host(`api.dev.letterlock.raltech.dev`)"
      entryPoints: [websecure]
      service: letterlock-api-dev
      tls:
        certResolver: mytlschallenge

    letterlock-web-dev:
      rule: "Host(`dev.letterlock.raltech.dev`)"
      entryPoints: [websecure]
      service: letterlock-web-dev
      # Staging is not public. Only the three accounts in the dev-gate middleware
      # get in; everyone else gets a 401 before a single byte of the app is served.
      middlewares: [letterlock-dev-gate]
      tls:
        certResolver: mytlschallenge

    letterlock-wellknown-dev:
      rule: "Host(`dev.letterlock.raltech.dev`) && PathPrefix(`/.well-known/`)"
      entryPoints: [websecure]
      service: letterlock-web-dev
      middlewares: [letterlock-json]
      priority: 100
      tls:
        certResolver: mytlschallenge

    # Uptime Kuma (Phase 7), Docker container on the shared root_default network.
    letterlock-status:
      rule: "Host(`status.letterlock.raltech.dev`)"
      entryPoints: [websecure]
      service: letterlock-status
      tls:
        certResolver: mytlschallenge

  middlewares:
    # Basic auth on the staging SITE only, at the proxy, deliberately NOT in the app:
    # dev must run byte-identical code to prod or testing against it proves nothing.
    # `api.dev` is intentionally left open, exactly like prod: every route there
    # already requires a JWT, and a cross-origin XHR would not carry these
    # credentials anyway, which would break the phone-controller and QR flows.
    # Passwords are apr1 hashes (safe to commit); the plaintext lives only in the
    # gitignored infra/dev-gate-creds.
    letterlock-dev-gate:
      basicAuth:
        realm: "Letterlock staging"
        removeHeader: true
        users:
          - "revenueautomationlab@gmail.com:$apr1$cf2ScI30$v5GAutVosKk7wEvDBLmJQ/"
          - "suhaibrajabo@gmail.com:$apr1$VA/iZKbj$8i7lnxo94dyAJo5WXtxav1"
          - "saeedalsaeedbusiness@gmail.com:$apr1$E/lqx38n$UOVSoSEcXhFNN1/0wPxRd1"

    letterlock-json:
      headers:
        customResponseHeaders:
          Content-Type: "application/json"

  services:
    letterlock-api-prod:
      loadBalancer:
        servers:
          - url: "http://host.docker.internal:3100"
        passHostHeader: true

    letterlock-web-prod:
      loadBalancer:
        servers:
          - url: "http://host.docker.internal:5190"
        passHostHeader: true

    letterlock-api-dev:
      loadBalancer:
        servers:
          - url: "http://host.docker.internal:3101"
        passHostHeader: true

    letterlock-web-dev:
      loadBalancer:
        servers:
          - url: "http://host.docker.internal:5191"
        passHostHeader: true

    letterlock-status:
      loadBalancer:
        servers:
          - url: "http://letterlock-status:3001"
        passHostHeader: true
